{
  "name": "atv3",
  "lockfileVersion": 3,
  "requires": true,
  "packages": {
    "": {
      "dependencies": {
        "packge": "^1.0.0",
        "readline-sync": "^1.4.10"
      }
    },
    "node_modules/packge": {
      "version": "1.0.0",
      "resolved": "https://registry.npmjs.org/packge/-/packge-1.0.0.tgz",
      "integrity": "sha512-1Bj2pImRw/vWM5n85IWMfP/x2l+J0JBbLDPv4VSkMy8sMcpmNwcSJRN+VzfUPSUaro5mxoLrisDSPJNh9pGUkg=="
    },
    "node_modules/readline-sync": {
      "version": "1.4.10",
      "resolved": "https://registry.npmjs.org/readline-sync/-/readline-sync-1.4.10.tgz",
      "integrity": "sha512-gNva8/6UAe8QYepIQH/jQ2qn91Qj0B9sYjMBBs3QOB8F2CXcKgLxQaJRP76sWVRQt+QU+8fAkCbCvjjMFu7Ycw==",
      "engines": {
        "node": ">= 0.8.0"
      }
    }
  }
}
